
Microsoft Visual Studio Solution File, Format Version 12.00
# Visual Studio Version 17
VisualStudioVersion = 17.5.002.0
MinimumVisualStudioVersion = 10.0.40219.1
Project("{9A19103F-16F7-4668-BE54-9A1E7A4F7556}") = "tbb", "tbb.csproj", "{2C93EC26-EE66-4420-A7BB-C1023DD36BE5}"
EndProject
Global
	GlobalSection(SolutionConfigurationPlatforms) = preSolution
		Debug|Any CPU = Debug|Any CPU
		Release|Any CPU = Release|Any CPU
	EndGlobalSection
	GlobalSection(ProjectConfigurationPlatforms) = postSolution
		{2C93EC26-EE66-4420-A7BB-C1023DD36BE5}.Debug|Any CPU.ActiveCfg = Debug|Any CPU
		{2C93EC26-EE66-4420-A7BB-C1023DD36BE5}.Debug|Any CPU.Build.0 = Debug|Any CPU
		{2C93EC26-EE66-4420-A7BB-C1023DD36BE5}.Release|Any CPU.ActiveCfg = Release|Any CPU
		{2C93EC26-EE66-4420-A7BB-C1023DD36BE5}.Release|Any CPU.Build.0 = Release|Any CPU
	EndGlobalSection
	GlobalSection(SolutionProperties) = preSolution
		HideSolutionNode = FALSE
	EndGlobalSection
	GlobalSection(ExtensibilityGlobals) = postSolution
		SolutionGuid = {61E36234-211F-467F-88C2-920DC5D3020F}
	EndGlobalSection
EndGlobal
